# THIS IS AN AUTOGENERATED FILE. DO NOT EDIT THIS FILE DIRECTLY.
# yarn lockfile v1


"@types/path-browserify@^1.0.3":
  version "1.0.3"
  resolved "https://registry.yarnpkg.com/@types/path-browserify/-/path-browserify-1.0.3.tgz#25de712d4def94b3901f033c30d3d3bd16eba8d3"
  integrity sha512-ZmHivEbNCBtAfcrFeBCiTjdIc2dey0l7oCGNGpSuRTy8jP6UVND7oUowlvDujBy8r2Hoa8bfFUOCiPWfmtkfxw==

path-browserify@^1.0.1:
  version "1.0.1"
  resolved "https://registry.yarnpkg.com/path-browserify/-/path-browserify-1.0.1.tgz#d98454a9c3753d5790860f16f68867b9e46be1fd"
  integrity sha512-b7uo2UCUOYZcnF/3ID0lulOJi/bafxa1xPe7ZPsammBSpjSWQkjNxlt635YGS2MiR9GjvuXCtz2emr3jbsz98g==
